
Microsoft Visual Studio Solution File, Format Version 12.00
# Visual Studio Version 16
VisualStudioVersion = 16.0.29306.81
MinimumVisualStudioVersion = 10.0.40219.1
Project("{FAE04EC0-301F-11D3-BF4B-00C04F79EFBC}") = "WindowsFormsApp1", "WindowsFormsApp1.csproj", "{C477C0B8-6F54-4535-B67A-F079FCE1DCDD}"
EndProject
Global
	GlobalSection(SolutionConfigurationPlatforms) = preSolution
		Debug|Any CPU = Debug|Any CPU
		Release|Any CPU = Release|Any CPU
	EndGlobalSection
	GlobalSection(ProjectConfigurationPlatforms) = postSolution
		{C477C0B8-6F54-4535-B67A-F079FCE1DCDD}.Debug|Any CPU.ActiveCfg = Debug|Any CPU
		{C477C0B8-6F54-4535-B67A-F079FCE1DCDD}.Debug|Any CPU.Build.0 = Debug|Any CPU
		{C477C0B8-6F54-4535-B67A-F079FCE1DCDD}.Release|Any CPU.ActiveCfg = Release|Any CPU
		{C477C0B8-6F54-4535-B67A-F079FCE1DCDD}.Release|Any CPU.Build.0 = Release|Any CPU
	EndGlobalSection
	GlobalSection(SolutionProperties) = preSolution
		HideSolutionNode = FALSE
	EndGlobalSection
	GlobalSection(ExtensibilityGlobals) = postSolution
		SolutionGuid = {12C76303-9782-4520-91DC-AFD86B72CC4F}
	EndGlobalSection
EndGlobal
